// !$*UTF8*$!
{
	archiveVersion = 1;
	classes = {
	};
	objectVersion = 50;
	objects = {

/* Begin PBXBuildFile section */
		963298C223CC0FEA00CE327C /* main.c in Sources */ = {isa = PBXBuildFile; fileRef = 963298C123CC0FEA00CE327C /* main.c */; };
		963298CF23CC100000CE327C /* minilzo.c in Sources */ = {isa = PBXBuildFile; fileRef = 963298CC23CC100000CE327C /* minilzo.c */; };
		963298D123CC100000CE327C /* testmini.c in Sources */ = {isa = PBXBuildFile; fileRef = 963298CE23CC100000CE327C /* testmini.c */; };
/* End PBXBuildFile section */

/* Begin PBXCopyFilesBuildPhase section */
		963298BC23CC0FEA00CE327C /* CopyFiles */ = {
			isa = PBXCopyFilesBuildPhase;
			buildActionMask = 2147483647;
			dstPath = /usr/share/man/man1/;
			dstSubfolderSpec = 0;
			files = (
			);
			runOnlyForDeploymentPostprocessing = 1;
		};
/* End PBXCopyFilesBuildPhase section */

/* Begin PBXFileReference section */
		963298BE23CC0FEA00CE327C /* lzo */ = {isa = PBXFileReference; explicitFileType = "compiled.mach-o.executable"; includeInIndex = 0; path = lzo; sourceTree = BUILT_PRODUCTS_DIR; };
		963298C123CC0FEA00CE327C /* main.c */ = {isa = PBXFileReference; lastKnownFileType = sourcecode.c.c; path = main.c; sourceTree = "<group>"; };
		963298C823CC100000CE327C /* lzodefs.h */ = {isa = PBXFileReference; fileEncoding = 4; lastKnownFileType = sourcecode.c.h; path = lzodefs.h; sourceTree = "<group>"; };
		963298C923CC100000CE327C /* README.LZO */ = {isa = PBXFileReference; fileEncoding = 4; lastKnownFileType = text; path = README.LZO; sourceTree = "<group>"; };
		963298CA23CC100000CE327C /* lzoconf.h */ = {isa = PBXFileReference; fileEncoding = 4; lastKnownFileType = sourcecode.c.h; path = lzoconf.h; sourceTree = "<group>"; };
		963298CB23CC100000CE327C /* minilzo.h */ = {isa = PBXFileReference; fileEncoding = 4; lastKnownFileType = sourcecode.c.h; path = minilzo.h; sourceTree = "<group>"; };
		963298CC23CC100000CE327C /* minilzo.c */ = {isa = PBXFileReference; fileEncoding = 4; lastKnownFileType = sourcecode.c.c; path = minilzo.c; sourceTree = "<group>"; };
		963298CE23CC100000CE327C /* testmini.c */ = {isa = PBXFileReference; fileEncoding = 4; lastKnownFileType = sourcecode.c.c; path = testmini.c; sourceTree = "<group>"; };
		963298D223CC104600CE327C /* testmini.h */ = {isa = PBXFileReference; lastKnownFileType = sourcecode.c.h; path = testmini.h; sourceTree = "<group>"; };
/* End PBXFileReference section */

/* Begin PBXFrameworksBuildPhase section */
		963298BB23CC0FEA00CE327C /* Frameworks */ = {
			isa = PBXFrameworksBuildPhase;
			buildActionMask = 2147483647;
			files = (
			);
			runOnlyForDeploymentPostprocessing = 0;
		};
/* End PBXFrameworksBuildPhase section */

/* Begin PBXGroup section */
		963298B523CC0FEA00CE327C = {
			isa = PBXGroup;
			children = (
				963298C023CC0FEA00CE327C /* lzo */,
				963298BF23CC0FEA00CE327C /* Products */,
			);
			sourceTree = "<group>";
		};
		963298BF23CC0FEA00CE327C /* Products */ = {
			isa = PBXGroup;
			children = (
				963298BE23CC0FEA00CE327C /* lzo */,
			);
			name = Products;
			sourceTree = "<group>";
		};
		963298C023CC0FEA00CE327C /* lzo */ = {
			isa = PBXGroup;
			children = (
				963298CA23CC100000CE327C /* lzoconf.h */,
				963298C823CC100000CE327C /* lzodefs.h */,
				963298CC23CC100000CE327C /* minilzo.c */,
				963298CB23CC100000CE327C /* minilzo.h */,
				963298C923CC100000CE327C /* README.LZO */,
				963298CE23CC100000CE327C /* testmini.c */,
				963298D223CC104600CE327C /* testmini.h */,
				963298C123CC0FEA00CE327C /* main.c */,
			);
			path = lzo;
			sourceTree = "<group>";
		};
/* End PBXGroup section */

/* Begin PBXNativeTarget section */
		963298BD23CC0FEA00CE327C /* lzo */ = {
			isa = PBXNativeTarget;
			buildConfigurationList = 963298C523CC0FEA00CE327C /* Build configuration list for PBXNativeTarget "lzo" */;
			buildPhases = (
				963298BA23CC0FEA00CE327C /* Sources */,
				963298BB23CC0FEA00CE327C /* Frameworks */,
				963298BC23CC0FEA00CE327C /* CopyFiles */,
			);
			buildRules = (
			);
			dependencies = (
			);
			name = lzo;
			productName = lzo;
			productReference = 963298BE23CC0FEA00CE327C /* lzo */;
			productType = "com.apple.product-type.tool";
		};
/* End PBXNativeTarget section */

/* Begin PBXProject section */
		963298B623CC0FEA00CE327C /* Project object */ = {
			isa = PBXProject;
			attributes = {
				LastUpgradeCheck = 1120;
				ORGANIZATIONNAME = xiaomi;
				TargetAttributes = {
					963298BD23CC0FEA00CE327C = {
						CreatedOnToolsVersion = 11.2.1;
					};
				};
			};
			buildConfigurationList = 963298B923CC0FEA00CE327C /* Build configuration list for PBXProject "lzo" */;
			compatibilityVersion = "Xcode 9.3";
			developmentRegion = en;
			hasScannedForEncodings = 0;
			knownRegions = (
				en,
				Base,
			);
			mainGroup = 963298B523CC0FEA00CE327C;
			productRefGroup = 963298BF23CC0FEA00CE327C /* Products */;
			projectDirPath = "";
			projectRoot = "";
			targets = (
				963298BD23CC0FEA00CE327C /* lzo */,
			);
		};
/* End PBXProject section */

/* Begin PBXSourcesBuildPhase section */
		963298BA23CC0FEA00CE327C /* Sources */ = {
			isa = PBXSourcesBuildPhase;
			buildActionMask = 2147483647;
			files = (
				963298D123CC100000CE327C /* testmini.c in Sources */,
				963298CF23CC100000CE327C /* minilzo.c in Sources */,
				963298C223CC0FEA00CE327C /* main.c in Sources */,
			);
			runOnlyForDeploymentPostprocessing = 0;
		};
/* End PBXSourcesBuildPhase section */

/* Begin XCBuildConfiguration section */
		963298C323CC0FEA00CE327C /* Debug */ = {
			isa = XCBuildConfiguration;
			buildSettings = {
				ALWAYS_SEARCH_USER_PATHS = NO;
				CLANG_ANALYZER_NONNULL = YES;
				CLANG_ANALYZER_NUMBER_OBJECT_CONVERSION = YES_AGGRESSIVE;
				CLANG_CXX_LANGUAGE_STANDARD = "gnu++14";
				CLANG_CXX_LIBRARY = "libc++";
				CLANG_ENABLE_MODULES = YES;
				CLANG_ENABLE_OBJC_ARC = YES;
				CLANG_ENABLE_OBJC_WEAK = YES;
				CLANG_WARN_BLOCK_CAPTURE_AUTORELEASING = YES;
				CLANG_WARN_BOOL_CONVERSION = YES;
				CLANG_WARN_COMMA = YES;
				CLANG_WARN_CONSTANT_CONVERSION = YES;
				CLANG_WARN_DEPRECATED_OBJC_IMPLEMENTATIONS = YES;
				CLANG_WARN_DIRECT_OBJC_ISA_USAGE = YES_ERROR;
				CLANG_WARN_DOCUMENTATION_COMMENTS = YES;
				CLANG_WARN_EMPTY_BODY = YES;
				CLANG_WARN_ENUM_CONVERSION = YES;
				CLANG_WARN_INFINITE_RECURSION = YES;
				CLANG_WARN_INT_CONVERSION = YES;
				CLANG_WARN_NON_LITERAL_NULL_CONVERSION = YES;
				CLANG_WARN_OBJC_IMPLICIT_RETAIN_SELF = YES;
				CLANG_WARN_OBJC_LITERAL_CONVERSION = YES;
				CLANG_WARN_OBJC_ROOT_CLASS = YES_ERROR;
				CLANG_WARN_RANGE_LOOP_ANALYSIS = YES;
				CLANG_WARN_STRICT_PROTOTYPES = YES;
				CLANG_WARN_SUSPICIOUS_MOVE = YES;
				CLANG_WARN_UNGUARDED_AVAILABILITY = YES_AGGRESSIVE;
				CLANG_WARN_UNREACHABLE_CODE = YES;
				CLANG_WARN__DUPLICATE_METHOD_MATCH = YES;
				COPY_PHASE_STRIP = NO;
				DEBUG_INFORMATION_FORMAT = dwarf;
				ENABLE_STRICT_OBJC_MSGSEND = YES;
				ENABLE_TESTABILITY = YES;
				GCC_C_LANGUAGE_STANDARD = gnu11;
				GCC_DYNAMIC_NO_PIC = NO;
				GCC_NO_COMMON_BLOCKS = YES;
				GCC_OPTIMIZATION_LEVEL = 0;
				GCC_PREPROCESSOR_DEFINITIONS = (
					"DEBUG=1",
					"$(inherited)",
				);
				GCC_WARN_64_TO_32_BIT_CONVERSION = YES;
				GCC_WARN_ABOUT_RETURN_TYPE = YES_ERROR;
				GCC_WARN_UNDECLARED_SELECTOR = YES;
				GCC_WARN_UNINITIALIZED_AUTOS = YES_AGGRESSIVE;
				GCC_WARN_UNUSED_FUNCTION = YES;
				GCC_WARN_UNUSED_VARIABLE = YES;
				MACOSX_DEPLOYMENT_TARGET = 10.14;
				MTL_ENABLE_DEBUG_INFO = INCLUDE_SOURCE;
				MTL_FAST_MATH = YES;
				ONLY_ACTIVE_ARCH = YES;
				SDKROOT = macosx;
			};
			name = Debug;
		};
		963298C423CC0FEA00CE327C /* Release */ = {
			isa = XCBuildConfiguration;
			buildSettings = {
				ALWAYS_SEARCH_USER_PATHS = NO;
				CLANG_ANALYZER_NONNULL = YES;
				CLANG_ANALYZER_NUMBER_OBJECT_CONVERSION = YES_AGGRESSIVE;
				CLANG_CXX_LANGUAGE_STANDARD = "gnu++14";
				CLANG_CXX_LIBRARY = "libc++";
				CLANG_ENABLE_MODULES = YES;
				CLANG_ENABLE_OBJC_ARC = YES;
				CLANG_ENABLE_OBJC_WEAK = YES;
				CLANG_WARN_BLOCK_CAPTURE_AUTORELEASING = YES;
				CLANG_WARN_BOOL_CONVERSION = YES;
				CLANG_WARN_COMMA = YES;
				CLANG_WARN_CONSTANT_CONVERSION = YES;
				CLANG_WARN_DEPRECATED_OBJC_IMPLEMENTATIONS = YES;
				CLANG_WARN_DIRECT_OBJC_ISA_USAGE = YES_ERROR;
				CLANG_WARN_DOCUMENTATION_COMMENTS = YES;
				CLANG_WARN_EMPTY_BODY = YES;
				CLANG_WARN_ENUM_CONVERSION = YES;
				CLANG_WARN_INFINITE_RECURSION = YES;
				CLANG_WARN_INT_CONVERSION = YES;
				CLANG_WARN_NON_LITERAL_NULL_CONVERSION = YES;
				CLANG_WARN_OBJC_IMPLICIT_RETAIN_SELF = YES;
				CLANG_WARN_OBJC_LITERAL_CONVERSION = YES;
				CLANG_WARN_OBJC_ROOT_CLASS = YES_ERROR;
				CLANG_WARN_RANGE_LOOP_ANALYSIS = YES;
				CLANG_WARN_STRICT_PROTOTYPES = YES;
				CLANG_WARN_SUSPICIOUS_MOVE = YES;
				CLANG_WARN_UNGUARDED_AVAILABILITY = YES_AGGRESSIVE;
				CLANG_WARN_UNREACHABLE_CODE = YES;
				CLANG_WARN__DUPLICATE_METHOD_MATCH = YES;
				COPY_PHASE_STRIP = NO;
				DEBUG_INFORMATION_FORMAT = "dwarf-with-dsym";
				ENABLE_NS_ASSERTIONS = NO;
				ENABLE_STRICT_OBJC_MSGSEND = YES;
				GCC_C_LANGUAGE_STANDARD = gnu11;
				GCC_NO_COMMON_BLOCKS = YES;
				GCC_WARN_64_TO_32_BIT_CONVERSION = YES;
				GCC_WARN_ABOUT_RETURN_TYPE = YES_ERROR;
				GCC_WARN_UNDECLARED_SELECTOR = YES;
				GCC_WARN_UNINITIALIZED_AUTOS = YES_AGGRESSIVE;
				GCC_WARN_UNUSED_FUNCTION = YES;
				GCC_WARN_UNUSED_VARIABLE = YES;
				MACOSX_DEPLOYMENT_TARGET = 10.14;
				MTL_ENABLE_DEBUG_INFO = NO;
				MTL_FAST_MATH = YES;
				SDKROOT = macosx;
			};
			name = Release;
		};
		963298C623CC0FEA00CE327C /* Debug */ = {
			isa = XCBuildConfiguration;
			buildSettings = {
				CODE_SIGN_STYLE = Automatic;
				DEVELOPMENT_TEAM = 3659NHFYK4;
				ENABLE_HARDENED_RUNTIME = YES;
				PRODUCT_NAME = "$(TARGET_NAME)";
			};
			name = Debug;
		};
		963298C723CC0FEA00CE327C /* Release */ = {
			isa = XCBuildConfiguration;
			buildSettings = {
				CODE_SIGN_STYLE = Automatic;
				DEVELOPMENT_TEAM = 3659NHFYK4;
				ENABLE_HARDENED_RUNTIME = YES;
				PRODUCT_NAME = "$(TARGET_NAME)";
			};
			name = Release;
		};
/* End XCBuildConfiguration section */

/* Begin XCConfigurationList section */
		963298B923CC0FEA00CE327C /* Build configuration list for PBXProject "lzo" */ = {
			isa = XCConfigurationList;
			buildConfigurations = (
				963298C323CC0FEA00CE327C /* Debug */,
				963298C423CC0FEA00CE327C /* Release */,
			);
			defaultConfigurationIsVisible = 0;
			defaultConfigurationName = Release;
		};
		963298C523CC0FEA00CE327C /* Build configuration list for PBXNativeTarget "lzo" */ = {
			isa = XCConfigurationList;
			buildConfigurations = (
				963298C623CC0FEA00CE327C /* Debug */,
				963298C723CC0FEA00CE327C /* Release */,
			);
			defaultConfigurationIsVisible = 0;
			defaultConfigurationName = Release;
		};
/* End XCConfigurationList section */
	};
	rootObject = 963298B623CC0FEA00CE327C /* Project object */;
}
